<?xml version="1.0" encoding="utf-8"?>
<Project ToolsVersion="4.0" xmlns="http://schemas.microsoft.com/developer/msbuild/2003">
  <ItemGroup>
    <Filter Include="Resource Files">
      <UniqueIdentifier>{67DA6AB6-F800-4c08-8B7A-83BB121AAD01}</UniqueIdentifier>
      <Extensions>rc;ico;cur;bmp;dlg;rc2;rct;bin;rgs;gif;jpg;jpeg;jpe;resx;tiff;tif;png;wav;mfcribbon-ms</Extensions>
    </Filter>
    <Filter Include="Library">
      <UniqueIdentifier>{93995380-89BD-4b04-88EB-625FBE52EBFB}</UniqueIdentifier>
      <Extensions>h;hh;hpp;hxx;hm;inl;inc;xsd</Extensions>
    </Filter>
    <Filter Include="Current Files">
      <UniqueIdentifier>{d8663db4-8ff1-4d7c-b5bf-0b5a4485047c}</UniqueIdentifier>
    </Filter>
    <Filter Include="UVaOJ">
      <UniqueIdentifier>{4FC737F1-C7A5-4376-A066-2A32D752A2FF}</UniqueIdentifier>
      <Extensions>cpp;c;cc;cxx;def;odl;idl;hpj;bat;asm;asmx</Extensions>
    </Filter>
    <Filter Include="UVaOJ\100">
      <UniqueIdentifier>{e54ca688-a9b3-43a6-979f-cb6cc2b826a6}</UniqueIdentifier>
    </Filter>
    <Filter Include="UVaOJ\10000">
      <UniqueIdentifier>{45a02f2c-7a6e-487e-a32a-729962af690c}</UniqueIdentifier>
    </Filter>
    <Filter Include="UVaOJ\100\100">
      <UniqueIdentifier>{16aa2584-99db-44a9-94b6-8b7021ca99ff}</UniqueIdentifier>
    </Filter>
    <Filter Include="UVaOJ\100\110">
      <UniqueIdentifier>{a0656219-58cb-4810-a565-846cea4180f2}</UniqueIdentifier>
    </Filter>
    <Filter Include="UVaOJ\100\130">
      <UniqueIdentifier>{c146945d-324b-44a4-b646-eacd7757cd6d}</UniqueIdentifier>
    </Filter>
    <Filter Include="UVaOJ\100\120">
      <UniqueIdentifier>{b9bb1d5f-d563-49c9-b623-0ead48e3a651}</UniqueIdentifier>
    </Filter>
    <Filter Include="UVaOJ\100\140">
      <UniqueIdentifier>{d139e21e-315a-421a-949e-8d59fdd40b5b}</UniqueIdentifier>
    </Filter>
    <Filter Include="UVaOJ\100\150">
      <UniqueIdentifier>{db6cd250-ad5a-4521-8ca4-771cfe011743}</UniqueIdentifier>
    </Filter>
    <Filter Include="UVaOJ\100\160">
      <UniqueIdentifier>{24e0dd69-b42d-471b-a62e-a84615d8214e}</UniqueIdentifier>
    </Filter>
    <Filter Include="UVaOJ\100\190">
      <UniqueIdentifier>{0a0d9122-d9ae-4e70-acaf-77bcc5a5b6b6}</UniqueIdentifier>
    </Filter>
    <Filter Include="UVaOJ\200">
      <UniqueIdentifier>{33099b05-ed7d-4740-9815-967f7ee7c57f}</UniqueIdentifier>
    </Filter>
    <Filter Include="UVaOJ\300">
      <UniqueIdentifier>{cfee22a3-da9e-43a6-95a0-2ca820449272}</UniqueIdentifier>
    </Filter>
  </ItemGroup>
  <ItemGroup>
    <ClCompile Include="Library\stdc++.cpp">
      <Filter>Resource Files</Filter>
    </ClCompile>
    <ClCompile Include="source.cpp">
      <Filter>UVaOJ</Filter>
    </ClCompile>
    <ClCompile Include="UVaOJ\10023.cpp">
      <Filter>UVaOJ\10000</Filter>
    </ClCompile>
    <ClCompile Include="UVaOJ\100.cpp">
      <Filter>UVaOJ\100\100</Filter>
    </ClCompile>
    <ClCompile Include="UVaOJ\101.cpp">
      <Filter>UVaOJ\100\100</Filter>
    </ClCompile>
    <ClCompile Include="UVaOJ\102.cpp">
      <Filter>UVaOJ\100\100</Filter>
    </ClCompile>
    <ClCompile Include="UVaOJ\105.cpp">
      <Filter>UVaOJ\100\100</Filter>
    </ClCompile>
    <ClCompile Include="UVaOJ\108.cpp">
      <Filter>UVaOJ\100\100</Filter>
    </ClCompile>
    <ClCompile Include="UVaOJ\118.cpp">
      <Filter>UVaOJ\100\110</Filter>
    </ClCompile>
    <ClCompile Include="UVaOJ\112.cpp">
      <Filter>UVaOJ\100\110</Filter>
    </ClCompile>
    <ClCompile Include="UVaOJ\113.cpp">
      <Filter>UVaOJ\100\110</Filter>
    </ClCompile>
    <ClCompile Include="UVaOJ\116.cpp">
      <Filter>UVaOJ\100\110</Filter>
    </ClCompile>
    <ClCompile Include="UVaOJ\130.cpp">
      <Filter>UVaOJ\100\130</Filter>
    </ClCompile>
    <ClCompile Include="UVaOJ\133.cpp">
      <Filter>UVaOJ\100\130</Filter>
    </ClCompile>
    <ClCompile Include="UVaOJ\136.cpp">
      <Filter>UVaOJ\100\130</Filter>
    </ClCompile>
    <ClCompile Include="UVaOJ\138.cpp">
      <Filter>UVaOJ\100\130</Filter>
    </ClCompile>
    <ClCompile Include="UVaOJ\122.cpp">
      <Filter>UVaOJ\100\120</Filter>
    </ClCompile>
    <ClCompile Include="UVaOJ\128.cpp">
      <Filter>UVaOJ\100\120</Filter>
    </ClCompile>
    <ClCompile Include="UVaOJ\129.cpp">
      <Filter>UVaOJ\100\120</Filter>
    </ClCompile>
    <ClCompile Include="UVaOJ\141.cpp">
      <Filter>UVaOJ\100\140</Filter>
    </ClCompile>
    <ClCompile Include="UVaOJ\144.cpp">
      <Filter>UVaOJ\100\140</Filter>
    </ClCompile>
    <ClCompile Include="UVaOJ\145.cpp">
      <Filter>UVaOJ\100\140</Filter>
    </ClCompile>
    <ClCompile Include="UVaOJ\146.cpp">
      <Filter>UVaOJ\100\140</Filter>
    </ClCompile>
    <ClCompile Include="UVaOJ\147.cpp">
      <Filter>UVaOJ\100\140</Filter>
    </ClCompile>
    <ClCompile Include="UVaOJ\152.cpp">
      <Filter>UVaOJ\100\150</Filter>
    </ClCompile>
    <ClCompile Include="UVaOJ\154.cpp">
      <Filter>UVaOJ\100\150</Filter>
    </ClCompile>
    <ClCompile Include="UVaOJ\155.cpp">
      <Filter>UVaOJ\100\150</Filter>
    </ClCompile>
    <ClCompile Include="UVaOJ\156.cpp">
      <Filter>UVaOJ\100\150</Filter>
    </ClCompile>
    <ClCompile Include="UVaOJ\161.cpp">
      <Filter>UVaOJ\100\160</Filter>
    </ClCompile>
    <ClCompile Include="UVaOJ\166.cpp">
      <Filter>UVaOJ\100\160</Filter>
    </ClCompile>
    <ClCompile Include="UVaOJ\167.cpp">
      <Filter>UVaOJ\100\160</Filter>
    </ClCompile>
    <ClCompile Include="UVaOJ\193.cpp">
      <Filter>UVaOJ\100\190</Filter>
    </ClCompile>
    <ClCompile Include="UVaOJ\195.cpp">
      <Filter>UVaOJ\100\190</Filter>
    </ClCompile>
    <ClCompile Include="UVaOJ\201.cpp">
      <Filter>UVaOJ\200</Filter>
    </ClCompile>
    <ClCompile Include="UVaOJ\202.cpp">
      <Filter>UVaOJ\200</Filter>
    </ClCompile>
    <ClCompile Include="UVaOJ\227.cpp">
      <Filter>UVaOJ\200</Filter>
    </ClCompile>
    <ClCompile Include="UVaOJ\232.cpp">
      <Filter>UVaOJ\200</Filter>
    </ClCompile>
    <ClCompile Include="UVaOJ\256.cpp">
      <Filter>UVaOJ\200</Filter>
    </ClCompile>
    <ClCompile Include="UVaOJ\260.cpp">
      <Filter>UVaOJ\200</Filter>
    </ClCompile>
    <ClCompile Include="UVaOJ\263.cpp">
      <Filter>UVaOJ\200</Filter>
    </ClCompile>
    <ClCompile Include="UVaOJ\264.cpp">
      <Filter>UVaOJ\200</Filter>
    </ClCompile>
    <ClCompile Include="UVaOJ\271.cpp">
      <Filter>UVaOJ\200</Filter>
    </ClCompile>
    <ClCompile Include="UVaOJ\272.cpp">
      <Filter>UVaOJ\200</Filter>
    </ClCompile>
    <ClCompile Include="UVaOJ\275.cpp">
      <Filter>UVaOJ\200</Filter>
    </ClCompile>
    <ClCompile Include="UVaOJ\278.cpp">
      <Filter>UVaOJ\200</Filter>
    </ClCompile>
    <ClCompile Include="UVaOJ\290.cpp">
      <Filter>UVaOJ\200</Filter>
    </ClCompile>
    <ClCompile Include="UVaOJ\291.cpp">
      <Filter>UVaOJ\200</Filter>
    </ClCompile>
    <ClCompile Include="UVaOJ\297.cpp">
      <Filter>UVaOJ\200</Filter>
    </ClCompile>
    <ClCompile Include="UVaOJ\299.cpp">
      <Filter>UVaOJ\200</Filter>
    </ClCompile>
    <ClCompile Include="UVaOJ\305.cpp">
      <Filter>UVaOJ\300</Filter>
    </ClCompile>
    <ClCompile Include="UVaOJ\311.cpp">
      <Filter>UVaOJ\300</Filter>
    </ClCompile>
    <ClCompile Include="UVaOJ\324.cpp">
      <Filter>UVaOJ\300</Filter>
    </ClCompile>
    <ClCompile Include="UVaOJ\326.cpp">
      <Filter>UVaOJ\300</Filter>
    </ClCompile>
    <ClCompile Include="UVaOJ\331.cpp">
      <Filter>UVaOJ\300</Filter>
    </ClCompile>
    <ClCompile Include="UVaOJ\340.cpp">
      <Filter>UVaOJ\300</Filter>
    </ClCompile>
  </ItemGroup>
  <ItemGroup>
    <ClInclude Include="Library\bits\stdc++.h">
      <Filter>Resource Files</Filter>
    </ClInclude>
    <ClInclude Include="Library\header.h">
      <Filter>Library</Filter>
    </ClInclude>
  </ItemGroup>
  <ItemGroup>
    <Text Include="output.txt">
      <Filter>Current Files</Filter>
    </Text>
    <Text Include="input.txt">
      <Filter>Current Files</Filter>
    </Text>
  </ItemGroup>
  <ItemGroup>
    <None Include="UVaOJ\10023.py">
      <Filter>UVaOJ\10000</Filter>
    </None>
    <None Include="UVaOJ\324.py">
      <Filter>UVaOJ\300</Filter>
    </None>
  </ItemGroup>
</Project>